lockfileVersion: '9.0'

settings:
  autoInstallPeers: true
  excludeLinksFromLockfile: false

importers:

  .:
    dependencies:
      '@varlock/1password-plugin':
        specifier: ^0.3.0
        version: 0.3.4(varlock@0.7.4)
      varlock:
        specifier: ^0.7.0
        version: 0.7.4

packages:

  '@varlock/1password-plugin@0.3.4':
    resolution: {integrity: sha512-2jPHPaE4CPD0BPpj5jFuF33zogTu/Cg+ua2qrYGvBiavDPPWUStbBt5E5zt7lcImcChcWx4Jh8wCACyFSoE4oQ==}
    engines: {node: '>=22'}
    peerDependencies:
      varlock: ^0.7.3

  varlock@0.7.4:
    resolution: {integrity: sha512-F6L99HHJMHBrLs6/6Mijgu/8q6JbHGHwmpKFnYGQMB1CTFekJXJ3FbK8IHhHwC0mokUnKIx5HGiPApWJMNvBcg==}
    engines: {bun: '>=1.3.3', node: '>=22'}
    hasBin: true

snapshots:

  '@varlock/1password-plugin@0.3.4(varlock@0.7.4)':
    dependencies:
      varlock: 0.7.4

  varlock@0.7.4: {}
