lockfileVersion: '9.0'

settings:
  autoInstallPeers: true
  excludeLinksFromLockfile: false

importers:

  .:
    dependencies:
      '@varlock/1password-plugin':
        specifier: ^0.3.0
        version: 0.3.5(varlock@0.9.1)
      varlock:
        specifier: ^0.9.0
        version: 0.9.1

packages:

  '@varlock/1password-plugin@0.3.5':
    resolution: {integrity: sha512-JFrNPHdXtHa2VVs/BQ4Yx7gtPhQxkFyoYzejdzeXAxpRgTiQ/4AkdWQOwd+yGL08y+pkl+vQOTUBh2Z5QiUhpA==}
    engines: {node: '>=22'}
    peerDependencies:
      varlock: ^0.7.3

  varlock@0.9.1:
    resolution: {integrity: sha512-AMF41b5Pqo7rOOBK5mXuR+Jv++R/jeq9T9KdWCiYXD4ARZKH6MWbe0N/2JKpSPPDpiCWD2tlRLDPfh/gHAavkg==}
    engines: {bun: '>=1.3.3', node: '>=22'}
    hasBin: true

snapshots:

  '@varlock/1password-plugin@0.3.5(varlock@0.9.1)':
    dependencies:
      varlock: 0.9.1

  varlock@0.9.1: {}
